// !$*UTF8*$!
{
	archiveVersion = 1;
	classes = {
	};
	objectVersion = 50;
	objects = {

/* Begin PBXBuildFile section */
		499ACEC124092ADA004586E2 /* AppDelegate.swift in Sources */ = {isa = PBXBuildFile; fileRef = 499ACEC024092ADA004586E2 /* AppDelegate.swift */; };
		499ACEC324092ADA004586E2 /* SceneDelegate.swift in Sources */ = {isa = PBXBuildFile; fileRef = 499ACEC224092ADA004586E2 /* SceneDelegate.swift */; };
		499ACEC524092ADA004586E2 /* ViewController.swift in Sources */ = {isa = PBXBuildFile; fileRef = 499ACEC424092ADA004586E2 /* ViewController.swift */; };
		499ACEC824092ADA004586E2 /* Main.storyboard in Resources */ = {isa = PBXBuildFile; fileRef = 499ACEC624092ADA004586E2 /* Main.storyboard */; };
		499ACECA24092ADB004586E2 /* Assets.xcassets in Resources */ = {isa = PBXBuildFile; fileRef = 499ACEC924092ADB004586E2 /* Assets.xcassets */; };
		499ACECD24092ADB004586E2 /* LaunchScreen.storyboard in Resources */ = {isa = PBXBuildFile; fileRef = 499ACECB24092ADB004586E2 /* LaunchScreen.storyboard */; };
		4D73A54A7D13D1E2E4E0BA0F /* Pods_CocoapodsExample.framework in Frameworks */ = {isa = PBXBuildFile; fileRef = 8057E91CE92B882A9E7545CA /* Pods_CocoapodsExample.framework */; };
/* End PBXBuildFile section */

/* Begin PBXFileReference section */
		39E0A36DCF616CE4E2C38B6D /* Pods-CocoapodsExample.release.xcconfig */ = {isa = PBXFileReference; includeInIndex = 1; lastKnownFileType = text.xcconfig; name = "Pods-CocoapodsExample.release.xcconfig"; path = "Target Support Files/Pods-CocoapodsExample/Pods-CocoapodsExample.release.xcconfig"; sourceTree = "<group>"; };
		499ACEBD24092ADA004586E2 /* CocoapodsExample.app */ = {isa = PBXFileReference; explicitFileType = wrapper.application; includeInIndex = 0; path = CocoapodsExample.app; sourceTree = BUILT_PRODUCTS_DIR; };
		499ACEC024092ADA004586E2 /* AppDelegate.swift */ = {isa = PBXFileReference; lastKnownFileType = sourcecode.swift; path = AppDelegate.swift; sourceTree = "<group>"; };
		499ACEC224092ADA004586E2 /* SceneDelegate.swift */ = {isa = PBXFileReference; lastKnownFileType = sourcecode.swift; path = SceneDelegate.swift; sourceTree = "<group>"; };
		499ACEC424092ADA004586E2 /* ViewController.swift */ = {isa = PBXFileReference; lastKnownFileType = sourcecode.swift; path = ViewController.swift; sourceTree = "<group>"; };
		499ACEC724092ADA004586E2 /* Base */ = {isa = PBXFileReference; lastKnownFileType = file.storyboard; name = Base; path = Base.lproj/Main.storyboard; sourceTree = "<group>"; };
		499ACEC924092ADB004586E2 /* Assets.xcassets */ = {isa = PBXFileReference; lastKnownFileType = folder.assetcatalog; path = Assets.xcassets; sourceTree = "<group>"; };
		499ACECC24092ADB004586E2 /* Base */ = {isa = PBXFileReference; lastKnownFileType = file.storyboard; name = Base; path = Base.lproj/LaunchScreen.storyboard; sourceTree = "<group>"; };
		499ACECE24092ADB004586E2 /* Info.plist */ = {isa = PBXFileReference; lastKnownFileType = text.plist.xml; path = Info.plist; sourceTree = "<group>"; };
		8057E91CE92B882A9E7545CA /* Pods_CocoapodsExample.framework */ = {isa = PBXFileReference; explicitFileType = wrapper.framework; includeInIndex = 0; path = Pods_CocoapodsExample.framework; sourceTree = BUILT_PRODUCTS_DIR; };
		A5CFE099E5E31CECA7BD73C4 /* Pods-CocoapodsExample.debug.xcconfig */ = {isa = PBXFileReference; includeInIndex = 1; lastKnownFileType = text.xcconfig; name = "Pods-CocoapodsExample.debug.xcconfig"; path = "Target Support Files/Pods-CocoapodsExample/Pods-CocoapodsExample.debug.xcconfig"; sourceTree = "<group>"; };
/* End PBXFileReference section */

/* Begin PBXFrameworksBuildPhase section */
		499ACEBA24092AD9004586E2 /* Frameworks */ = {
			isa = PBXFrameworksBuildPhase;
			buildActionMask = 2147483647;
			files = (
				4D73A54A7D13D1E2E4E0BA0F /* Pods_CocoapodsExample.framework in Frameworks */,
			);
			runOnlyForDeploymentPostprocessing = 0;
		};
/* End PBXFrameworksBuildPhase section */

/* Begin PBXGroup section */
		1645A65F6A65F69F7B7013C5 /* Frameworks */ = {
			isa = PBXGroup;
			children = (
				8057E91CE92B882A9E7545CA /* Pods_CocoapodsExample.framework */,
			);
			name = Frameworks;
			sourceTree = "<group>";
		};
		499ACEB424092AD9004586E2 = {
			isa = PBXGroup;
			children = (
				499ACEBF24092ADA004586E2 /* CocoapodsExample */,
				499ACEBE24092ADA004586E2 /* Products */,
				9DD187D22351BC817D6B1DA9 /* Pods */,
				1645A65F6A65F69F7B7013C5 /* Frameworks */,
			);
			sourceTree = "<group>";
		};
		499ACEBE24092ADA004586E2 /* Products */ = {
			isa = PBXGroup;
			children = (
				499ACEBD24092ADA004586E2 /* CocoapodsExample.app */,
			);
			name = Products;
			sourceTree = "<group>";
		};
		499ACEBF24092ADA004586E2 /* CocoapodsExample */ = {
			isa = PBXGroup;
			children = (
				499ACEC024092ADA004586E2 /* AppDelegate.swift */,
				499ACEC224092ADA004586E2 /* SceneDelegate.swift */,
				499ACEC424092ADA004586E2 /* ViewController.swift */,
				499ACEC624092ADA004586E2 /* Main.storyboard */,
				499ACEC924092ADB004586E2 /* Assets.xcassets */,
				499ACECB24092ADB004586E2 /* LaunchScreen.storyboard */,
				499ACECE24092ADB004586E2 /* Info.plist */,
			);
			path = CocoapodsExample;
			sourceTree = "<group>";
		};
		9DD187D22351BC817D6B1DA9 /* Pods */ = {
			isa = PBXGroup;
			children = (
				A5CFE099E5E31CECA7BD73C4 /* Pods-CocoapodsExample.debug.xcconfig */,
				39E0A36DCF616CE4E2C38B6D /* Pods-CocoapodsExample.release.xcconfig */,
			);
			name = Pods;
			path = Pods;
			sourceTree = "<group>";
		};
/* End PBXGroup section */

/* Begin PBXNativeTarget section */
		499ACEBC24092AD9004586E2 /* CocoapodsExample */ = {
			isa = PBXNativeTarget;
			buildConfigurationList = 499ACED124092ADB004586E2 /* Build configuration list for PBXNativeTarget "CocoapodsExample" */;
			buildPhases = (
				184E4EE7769C4D05041BB561 /* [CP] Check Pods Manifest.lock */,
				499ACEB924092AD9004586E2 /* Sources */,
				499ACEBA24092AD9004586E2 /* Frameworks */,
				499ACEBB24092AD9004586E2 /* Resources */,
				8F86EBE90714D72DDAC6626E /* [CP] Embed Pods Frameworks */,
			);
			buildRules = (
			);
			dependencies = (
			);
			name = CocoapodsExample;
			productName = CocoapodsExample;
			productReference = 499ACEBD24092ADA004586E2 /* CocoapodsExample.app */;
			productType = "com.apple.product-type.application";
		};
/* End PBXNativeTarget section */

/* Begin PBXProject section */
		499ACEB524092AD9004586E2 /* Project object */ = {
			isa = PBXProject;
			attributes = {
				LastSwiftUpdateCheck = 1110;
				LastUpgradeCheck = 1110;
				ORGANIZATIONNAME = "Sergio Zharinov";
				TargetAttributes = {
					499ACEBC24092AD9004586E2 = {
						CreatedOnToolsVersion = 11.1;
					};
				};
			};
			buildConfigurationList = 499ACEB824092AD9004586E2 /* Build configuration list for PBXProject "CocoapodsExample" */;
			compatibilityVersion = "Xcode 9.3";
			developmentRegion = en;
			hasScannedForEncodings = 0;
			knownRegions = (
				en,
				Base,
			);
			mainGroup = 499ACEB424092AD9004586E2;
			productRefGroup = 499ACEBE24092ADA004586E2 /* Products */;
			projectDirPath = "";
			projectRoot = "";
			targets = (
				499ACEBC24092AD9004586E2 /* CocoapodsExample */,
			);
		};
/* End PBXProject section */

/* Begin PBXResourcesBuildPhase section */
		499ACEBB24092AD9004586E2 /* Resources */ = {
			isa = PBXResourcesBuildPhase;
			buildActionMask = 2147483647;
			files = (
				499ACECD24092ADB004586E2 /* LaunchScreen.storyboard in Resources */,
				499ACECA24092ADB004586E2 /* Assets.xcassets in Resources */,
				499ACEC824092ADA004586E2 /* Main.storyboard in Resources */,
			);
			runOnlyForDeploymentPostprocessing = 0;
		};
/* End PBXResourcesBuildPhase section */

/* Begin PBXShellScriptBuildPhase section */
		184E4EE7769C4D05041BB561 /* [CP] Check Pods Manifest.lock */ = {
			isa = PBXShellScriptBuildPhase;
			buildActionMask = 2147483647;
			files = (
			);
			inputFileListPaths = (
			);
			inputPaths = (
				"${PODS_PODFILE_DIR_PATH}/Podfile.lock",
				"${PODS_ROOT}/Manifest.lock",
			);
			name = "[CP] Check Pods Manifest.lock";
			outputFileListPaths = (
			);
			outputPaths = (
				"$(DERIVED_FILE_DIR)/Pods-CocoapodsExample-checkManifestLockResult.txt",
			);
			runOnlyForDeploymentPostprocessing = 0;
			shellPath = /bin/sh;
			shellScript = "diff \"${PODS_PODFILE_DIR_PATH}/Podfile.lock\" \"${PODS_ROOT}/Manifest.lock\" > /dev/null\nif [ $? != 0 ] ; then\n    # print error to STDERR\n    echo \"error: The sandbox is not in sync with the Podfile.lock. Run 'pod install' or update your CocoaPods installation.\" >&2\n    exit 1\nfi\n# This output is used by Xcode 'outputs' to avoid re-running this script phase.\necho \"SUCCESS\" > \"${SCRIPT_OUTPUT_FILE_0}\"\n";
			showEnvVarsInLog = 0;
		};
		8F86EBE90714D72DDAC6626E /* [CP] Embed Pods Frameworks */ = {
			isa = PBXShellScriptBuildPhase;
			buildActionMask = 2147483647;
			files = (
			);
			inputFileListPaths = (
				"${PODS_ROOT}/Target Support Files/Pods-CocoapodsExample/Pods-CocoapodsExample-frameworks-${CONFIGURATION}-input-files.xcfilelist",
			);
			name = "[CP] Embed Pods Frameworks";
			outputFileListPaths = (
				"${PODS_ROOT}/Target Support Files/Pods-CocoapodsExample/Pods-CocoapodsExample-frameworks-${CONFIGURATION}-output-files.xcfilelist",
			);
			runOnlyForDeploymentPostprocessing = 0;
			shellPath = /bin/sh;
			shellScript = "\"${PODS_ROOT}/Target Support Files/Pods-CocoapodsExample/Pods-CocoapodsExample-frameworks.sh\"\n";
			showEnvVarsInLog = 0;
		};
/* End PBXShellScriptBuildPhase section */

/* Begin PBXSourcesBuildPhase section */
		499ACEB924092AD9004586E2 /* Sources */ = {
			isa = PBXSourcesBuildPhase;
			buildActionMask = 2147483647;
			files = (
				499ACEC524092ADA004586E2 /* ViewController.swift in Sources */,
				499ACEC124092ADA004586E2 /* AppDelegate.swift in Sources */,
				499ACEC324092ADA004586E2 /* SceneDelegate.swift in Sources */,
			);
			runOnlyForDeploymentPostprocessing = 0;
		};
/* End PBXSourcesBuildPhase section */

/* Begin PBXVariantGroup section */
		499ACEC624092ADA004586E2 /* Main.storyboard */ = {
			isa = PBXVariantGroup;
			children = (
				499ACEC724092ADA004586E2 /* Base */,
			);
			name = Main.storyboard;
			sourceTree = "<group>";
		};
		499ACECB24092ADB004586E2 /* LaunchScreen.storyboard */ = {
			isa = PBXVariantGroup;
			children = (
				499ACECC24092ADB004586E2 /* Base */,
			);
			name = LaunchScreen.storyboard;
			sourceTree = "<group>";
		};
/* End PBXVariantGroup section */

/* Begin XCBuildConfiguration section */
		499ACECF24092ADB004586E2 /* Debug */ = {
			isa = XCBuildConfiguration;
			buildSettings = {
				ALWAYS_SEARCH_USER_PATHS = NO;
				CLANG_ANALYZER_NONNULL = YES;
				CLANG_ANALYZER_NUMBER_OBJECT_CONVERSION = YES_AGGRESSIVE;
				CLANG_CXX_LANGUAGE_STANDARD = "gnu++14";
				CLANG_CXX_LIBRARY = "libc++";
				CLANG_ENABLE_MODULES = YES;
				CLANG_ENABLE_OBJC_ARC = YES;
				CLANG_ENABLE_OBJC_WEAK = YES;
				CLANG_WARN_BLOCK_CAPTURE_AUTORELEASING = YES;
				CLANG_WARN_BOOL_CONVERSION = YES;
				CLANG_WARN_COMMA = YES;
				CLANG_WARN_CONSTANT_CONVERSION = YES;
				CLANG_WARN_DEPRECATED_OBJC_IMPLEMENTATIONS = YES;
				CLANG_WARN_DIRECT_OBJC_ISA_USAGE = YES_ERROR;
				CLANG_WARN_DOCUMENTATION_COMMENTS = YES;
				CLANG_WARN_EMPTY_BODY = YES;
				CLANG_WARN_ENUM_CONVERSION = YES;
				CLANG_WARN_INFINITE_RECURSION = YES;
				CLANG_WARN_INT_CONVERSION = YES;
				CLANG_WARN_NON_LITERAL_NULL_CONVERSION = YES;
				CLANG_WARN_OBJC_IMPLICIT_RETAIN_SELF = YES;
				CLANG_WARN_OBJC_LITERAL_CONVERSION = YES;
				CLANG_WARN_OBJC_ROOT_CLASS = YES_ERROR;
				CLANG_WARN_RANGE_LOOP_ANALYSIS = YES;
				CLANG_WARN_STRICT_PROTOTYPES = YES;
				CLANG_WARN_SUSPICIOUS_MOVE = YES;
				CLANG_WARN_UNGUARDED_AVAILABILITY = YES_AGGRESSIVE;
				CLANG_WARN_UNREACHABLE_CODE = YES;
				CLANG_WARN__DUPLICATE_METHOD_MATCH = YES;
				COPY_PHASE_STRIP = NO;
				DEBUG_INFORMATION_FORMAT = dwarf;
				ENABLE_STRICT_OBJC_MSGSEND = YES;
				ENABLE_TESTABILITY = YES;
				GCC_C_LANGUAGE_STANDARD = gnu11;
				GCC_DYNAMIC_NO_PIC = NO;
				GCC_NO_COMMON_BLOCKS = YES;
				GCC_OPTIMIZATION_LEVEL = 0;
				GCC_PREPROCESSOR_DEFINITIONS = (
					"DEBUG=1",
					"$(inherited)",
				);
				GCC_WARN_64_TO_32_BIT_CONVERSION = YES;
				GCC_WARN_ABOUT_RETURN_TYPE = YES_ERROR;
				GCC_WARN_UNDECLARED_SELECTOR = YES;
				GCC_WARN_UNINITIALIZED_AUTOS = YES_AGGRESSIVE;
				GCC_WARN_UNUSED_FUNCTION = YES;
				GCC_WARN_UNUSED_VARIABLE = YES;
				IPHONEOS_DEPLOYMENT_TARGET = 13.1;
				MTL_ENABLE_DEBUG_INFO = INCLUDE_SOURCE;
				MTL_FAST_MATH = YES;
				ONLY_ACTIVE_ARCH = YES;
				SDKROOT = iphoneos;
				SWIFT_ACTIVE_COMPILATION_CONDITIONS = DEBUG;
				SWIFT_OPTIMIZATION_LEVEL = "-Onone";
			};
			name = Debug;
		};
		499ACED024092ADB004586E2 /* Release */ = {
			isa = XCBuildConfiguration;
			buildSettings = {
				ALWAYS_SEARCH_USER_PATHS = NO;
				CLANG_ANALYZER_NONNULL = YES;
				CLANG_ANALYZER_NUMBER_OBJECT_CONVERSION = YES_AGGRESSIVE;
				CLANG_CXX_LANGUAGE_STANDARD = "gnu++14";
				CLANG_CXX_LIBRARY = "libc++";
				CLANG_ENABLE_MODULES = YES;
				CLANG_ENABLE_OBJC_ARC = YES;
				CLANG_ENABLE_OBJC_WEAK = YES;
				CLANG_WARN_BLOCK_CAPTURE_AUTORELEASING = YES;
				CLANG_WARN_BOOL_CONVERSION = YES;
				CLANG_WARN_COMMA = YES;
				CLANG_WARN_CONSTANT_CONVERSION = YES;
				CLANG_WARN_DEPRECATED_OBJC_IMPLEMENTATIONS = YES;
				CLANG_WARN_DIRECT_OBJC_ISA_USAGE = YES_ERROR;
				CLANG_WARN_DOCUMENTATION_COMMENTS = YES;
				CLANG_WARN_EMPTY_BODY = YES;
				CLANG_WARN_ENUM_CONVERSION = YES;
				CLANG_WARN_INFINITE_RECURSION = YES;
				CLANG_WARN_INT_CONVERSION = YES;
				CLANG_WARN_NON_LITERAL_NULL_CONVERSION = YES;
				CLANG_WARN_OBJC_IMPLICIT_RETAIN_SELF = YES;
				CLANG_WARN_OBJC_LITERAL_CONVERSION = YES;
				CLANG_WARN_OBJC_ROOT_CLASS = YES_ERROR;
				CLANG_WARN_RANGE_LOOP_ANALYSIS = YES;
				CLANG_WARN_STRICT_PROTOTYPES = YES;
				CLANG_WARN_SUSPICIOUS_MOVE = YES;
				CLANG_WARN_UNGUARDED_AVAILABILITY = YES_AGGRESSIVE;
				CLANG_WARN_UNREACHABLE_CODE = YES;
				CLANG_WARN__DUPLICATE_METHOD_MATCH = YES;
				COPY_PHASE_STRIP = NO;
				DEBUG_INFORMATION_FORMAT = "dwarf-with-dsym";
				ENABLE_NS_ASSERTIONS = NO;
				ENABLE_STRICT_OBJC_MSGSEND = YES;
				GCC_C_LANGUAGE_STANDARD = gnu11;
				GCC_NO_COMMON_BLOCKS = YES;
				GCC_WARN_64_TO_32_BIT_CONVERSION = YES;
				GCC_WARN_ABOUT_RETURN_TYPE = YES_ERROR;
				GCC_WARN_UNDECLARED_SELECTOR = YES;
				GCC_WARN_UNINITIALIZED_AUTOS = YES_AGGRESSIVE;
				GCC_WARN_UNUSED_FUNCTION = YES;
				GCC_WARN_UNUSED_VARIABLE = YES;
				IPHONEOS_DEPLOYMENT_TARGET = 13.1;
				MTL_ENABLE_DEBUG_INFO = NO;
				MTL_FAST_MATH = YES;
				SDKROOT = iphoneos;
				SWIFT_COMPILATION_MODE = wholemodule;
				SWIFT_OPTIMIZATION_LEVEL = "-O";
				VALIDATE_PRODUCT = YES;
			};
			name = Release;
		};
		499ACED224092ADB004586E2 /* Debug */ = {
			isa = XCBuildConfiguration;
			baseConfigurationReference = A5CFE099E5E31CECA7BD73C4 /* Pods-CocoapodsExample.debug.xcconfig */;
			buildSettings = {
				ASSETCATALOG_COMPILER_APPICON_NAME = AppIcon;
				CODE_SIGN_STYLE = Automatic;
				INFOPLIST_FILE = CocoapodsExample/Info.plist;
				LD_RUNPATH_SEARCH_PATHS = (
					"$(inherited)",
					"@executable_path/Frameworks",
				);
				PRODUCT_BUNDLE_IDENTIFIER = oh.CocoapodsExample;
				PRODUCT_NAME = "$(TARGET_NAME)";
				SWIFT_VERSION = 5.0;
				TARGETED_DEVICE_FAMILY = "1,2";
			};
			name = Debug;
		};
		499ACED324092ADB004586E2 /* Release */ = {
			isa = XCBuildConfiguration;
			baseConfigurationReference = 39E0A36DCF616CE4E2C38B6D /* Pods-CocoapodsExample.release.xcconfig */;
			buildSettings = {
				ASSETCATALOG_COMPILER_APPICON_NAME = AppIcon;
				CODE_SIGN_STYLE = Automatic;
				INFOPLIST_FILE = CocoapodsExample/Info.plist;
				LD_RUNPATH_SEARCH_PATHS = (
					"$(inherited)",
					"@executable_path/Frameworks",
				);
				PRODUCT_BUNDLE_IDENTIFIER = oh.CocoapodsExample;
				PRODUCT_NAME = "$(TARGET_NAME)";
				SWIFT_VERSION = 5.0;
				TARGETED_DEVICE_FAMILY = "1,2";
			};
			name = Release;
		};
/* End XCBuildConfiguration section */

/* Begin XCConfigurationList section */
		499ACEB824092AD9004586E2 /* Build configuration list for PBXProject "CocoapodsExample" */ = {
			isa = XCConfigurationList;
			buildConfigurations = (
				499ACECF24092ADB004586E2 /* Debug */,
				499ACED024092ADB004586E2 /* Release */,
			);
			defaultConfigurationIsVisible = 0;
			defaultConfigurationName = Release;
		};
		499ACED124092ADB004586E2 /* Build configuration list for PBXNativeTarget "CocoapodsExample" */ = {
			isa = XCConfigurationList;
			buildConfigurations = (
				499ACED224092ADB004586E2 /* Debug */,
				499ACED324092ADB004586E2 /* Release */,
			);
			defaultConfigurationIsVisible = 0;
			defaultConfigurationName = Release;
		};
/* End XCConfigurationList section */
	};
	rootObject = 499ACEB524092AD9004586E2 /* Project object */;
}
